
Microsoft Visual Studio Solution File, Format Version 12.00
# Visual Studio Version 17
VisualStudioVersion = 17.11.35303.130
MinimumVisualStudioVersion = 10.0.40219.1
Project("{9A19103F-16F7-4668-BE54-9A1E7A4F7556}") = "WorkoutTrackerApi", "WorkoutTrackerApi.csproj", "{7FDAF426-C9D0-4DF8-AC69-A5C410AA02EE}"
EndProject
Project("{FAE04EC0-301F-11D3-BF4B-00C04F79EFBC}") = "WorkoutTrackerApi.Tests", "..\WorkoutTrackerApi.Tests\WorkoutTrackerApi.Tests.csproj", "{19C8B679-84E1-4C32-BE28-019A4A555E9E}"
EndProject
Global
	GlobalSection(SolutionConfigurationPlatforms) = preSolution
		Debug|Any CPU = Debug|Any CPU
		Release|Any CPU = Release|Any CPU
	EndGlobalSection
	GlobalSection(ProjectConfigurationPlatforms) = postSolution
		{7FDAF426-C9D0-4DF8-AC69-A5C410AA02EE}.Debug|Any CPU.ActiveCfg = Debug|Any CPU
		{7FDAF426-C9D0-4DF8-AC69-A5C410AA02EE}.Debug|Any CPU.Build.0 = Debug|Any CPU
		{7FDAF426-C9D0-4DF8-AC69-A5C410AA02EE}.Release|Any CPU.ActiveCfg = Release|Any CPU
		{7FDAF426-C9D0-4DF8-AC69-A5C410AA02EE}.Release|Any CPU.Build.0 = Release|Any CPU
		{19C8B679-84E1-4C32-BE28-019A4A555E9E}.Debug|Any CPU.ActiveCfg = Debug|Any CPU
		{19C8B679-84E1-4C32-BE28-019A4A555E9E}.Debug|Any CPU.Build.0 = Debug|Any CPU
		{19C8B679-84E1-4C32-BE28-019A4A555E9E}.Release|Any CPU.ActiveCfg = Release|Any CPU
		{19C8B679-84E1-4C32-BE28-019A4A555E9E}.Release|Any CPU.Build.0 = Release|Any CPU
	EndGlobalSection
	GlobalSection(SolutionProperties) = preSolution
		HideSolutionNode = FALSE
	EndGlobalSection
	GlobalSection(ExtensibilityGlobals) = postSolution
		SolutionGuid = {E691EBB8-C41C-4A6E-9991-A47EE9849B6E}
	EndGlobalSection
EndGlobal
